Microsoft Visual Studio Solution File, Format Version 12.00
# Visual Studio Version 17
VisualStudioVersion = 17.5.2.0
MinimumVisualStudioVersion = 10.0.40219.1
Project("{FAE04EC0-301F-11D3-BF4B-00C04F79EFBC}") = "StockAPi", "StockAPi.csproj", "{BC5AB5C8-7373-CA84-5F2A-18043A09CCD3}"
EndProject
Global
	GlobalSection(SolutionConfigurationPlatforms) = preSolution
		Debug|Any CPU = Debug|Any CPU
		Release|Any CPU = Release|Any CPU
	EndGlobalSection
	GlobalSection(ProjectConfigurationPlatforms) = postSolution
		{BC5AB5C8-7373-CA84-5F2A-18043A09CCD3}.Debug|Any CPU.ActiveCfg = Debug|Any CPU
		{BC5AB5C8-7373-CA84-5F2A-18043A09CCD3}.Debug|Any CPU.Build.0 = Debug|Any CPU
		{BC5AB5C8-7373-CA84-5F2A-18043A09CCD3}.Release|Any CPU.ActiveCfg = Release|Any CPU
		{BC5AB5C8-7373-CA84-5F2A-18043A09CCD3}.Release|Any CPU.Build.0 = Release|Any CPU
	EndGlobalSection
	GlobalSection(SolutionProperties) = preSolution
		HideSolutionNode = FALSE
	EndGlobalSection
	GlobalSection(ExtensibilityGlobals) = postSolution
		SolutionGuid = {BF963862-6984-48B9-87E0-E651115EBA06}
	EndGlobalSection
EndGlobal
